
Microsoft Visual Studio Solution File, Format Version 12.00
# Visual Studio 2013
VisualStudioVersion = 12.0.31101.0
MinimumVisualStudioVersion = 10.0.40219.1
Project("{FAE04EC0-301F-11D3-BF4B-00C04F79EFBC}") = "Accumulate", "Accumulate\Accumulate.csproj", "{0D557723-B5D2-48C8-9FE6-F3E296C785A6}"
EndProject
Project("{2150E333-8FDC-42A3-9474-1A3956D46DE8}") = ".nuget", ".nuget", "{36662612-7262-400A-93AC-3272922D07BC}"
	ProjectSection(SolutionItems) = preProject
		.nuget\packages.config = .nuget\packages.config
	EndProjectSection
EndProject
Global
	GlobalSection(SolutionConfigurationPlatforms) = preSolution
		Debug|Any CPU = Debug|Any CPU
		Release|Any CPU = Release|Any CPU
	EndGlobalSection
	GlobalSection(ProjectConfigurationPlatforms) = postSolution
		{0D557723-B5D2-48C8-9FE6-F3E296C785A6}.Debug|Any CPU.ActiveCfg = Debug|Any CPU
		{0D557723-B5D2-48C8-9FE6-F3E296C785A6}.Debug|Any CPU.Build.0 = Debug|Any CPU
		{0D557723-B5D2-48C8-9FE6-F3E296C785A6}.Release|Any CPU.ActiveCfg = Release|Any CPU
		{0D557723-B5D2-48C8-9FE6-F3E296C785A6}.Release|Any CPU.Build.0 = Release|Any CPU
	EndGlobalSection
	GlobalSection(SolutionProperties) = preSolution
		HideSolutionNode = FALSE
	EndGlobalSection
EndGlobal
