
Microsoft Visual Studio Solution File, Format Version 12.00
# Visual Studio 2013
VisualStudioVersion = 12.0.31101.0
MinimumVisualStudioVersion = 10.0.40219.1
Project("{FAE04EC0-301F-11D3-BF4B-00C04F79EFBC}") = "atbash-cipher", "atbash-cipher\atbash-cipher.csproj", "{FA48C8F5-11FA-4E9A-B8AB-7340FF31272A}"
EndProject
Project("{2150E333-8FDC-42A3-9474-1A3956D46DE8}") = ".nuget", ".nuget", "{4861515F-FBF8-4D8B-A894-8008E8A74576}"
	ProjectSection(SolutionItems) = preProject
		.nuget\packages.config = .nuget\packages.config
	EndProjectSection
EndProject
Global
	GlobalSection(SolutionConfigurationPlatforms) = preSolution
		Debug|Any CPU = Debug|Any CPU
		Release|Any CPU = Release|Any CPU
	EndGlobalSection
	GlobalSection(ProjectConfigurationPlatforms) = postSolution
		{FA48C8F5-11FA-4E9A-B8AB-7340FF31272A}.Debug|Any CPU.ActiveCfg = Debug|Any CPU
		{FA48C8F5-11FA-4E9A-B8AB-7340FF31272A}.Debug|Any CPU.Build.0 = Debug|Any CPU
		{FA48C8F5-11FA-4E9A-B8AB-7340FF31272A}.Release|Any CPU.ActiveCfg = Release|Any CPU
		{FA48C8F5-11FA-4E9A-B8AB-7340FF31272A}.Release|Any CPU.Build.0 = Release|Any CPU
	EndGlobalSection
	GlobalSection(SolutionProperties) = preSolution
		HideSolutionNode = FALSE
	EndGlobalSection
EndGlobal
