
Microsoft Visual Studio Solution File, Format Version 12.00
# Visual Studio 2013
VisualStudioVersion = 12.0.21005.1
MinimumVisualStudioVersion = 10.0.40219.1
Project("{FAE04EC0-301F-11D3-BF4B-00C04F79EFBC}") = "grade-school", "grade-school\grade-school.csproj", "{4D7D6CA2-0042-4A09-BA79-066077E1D1A7}"
EndProject
Project("{2150E333-8FDC-42A3-9474-1A3956D46DE8}") = ".nuget", ".nuget", "{905B64CC-00F3-4514-8394-3A7B7DBD1834}"
	ProjectSection(SolutionItems) = preProject
		.nuget\packages.config = .nuget\packages.config
	EndProjectSection
EndProject
Global
	GlobalSection(SolutionConfigurationPlatforms) = preSolution
		Debug|Any CPU = Debug|Any CPU
		Release|Any CPU = Release|Any CPU
	EndGlobalSection
	GlobalSection(ProjectConfigurationPlatforms) = postSolution
		{4D7D6CA2-0042-4A09-BA79-066077E1D1A7}.Debug|Any CPU.ActiveCfg = Debug|Any CPU
		{4D7D6CA2-0042-4A09-BA79-066077E1D1A7}.Debug|Any CPU.Build.0 = Debug|Any CPU
		{4D7D6CA2-0042-4A09-BA79-066077E1D1A7}.Release|Any CPU.ActiveCfg = Release|Any CPU
		{4D7D6CA2-0042-4A09-BA79-066077E1D1A7}.Release|Any CPU.Build.0 = Release|Any CPU
	EndGlobalSection
	GlobalSection(SolutionProperties) = preSolution
		HideSolutionNode = FALSE
	EndGlobalSection
EndGlobal
