
Microsoft Visual Studio Solution File, Format Version 12.00
# Visual Studio 2013
VisualStudioVersion = 12.0.21005.1
MinimumVisualStudioVersion = 10.0.40219.1
Project("{F2A71F9B-5D33-465A-A702-920D77279786}") = "bank-account", "bank-account\bank-account.fsproj", "{764FC0C8-4462-4F07-B477-6AF4C306C82C}"
EndProject
Project("{2150E333-8FDC-42A3-9474-1A3956D46DE8}") = ".nuget", ".nuget", "{30D5C451-B5B4-4A79-AB05-CCAD473BFB9C}"
	ProjectSection(SolutionItems) = preProject
		.nuget\packages.config = .nuget\packages.config
	EndProjectSection
EndProject
Global
	GlobalSection(SolutionConfigurationPlatforms) = preSolution
		Debug|Any CPU = Debug|Any CPU
		Release|Any CPU = Release|Any CPU
	EndGlobalSection
	GlobalSection(ProjectConfigurationPlatforms) = postSolution
		{764FC0C8-4462-4F07-B477-6AF4C306C82C}.Debug|Any CPU.ActiveCfg = Debug|Any CPU
		{764FC0C8-4462-4F07-B477-6AF4C306C82C}.Debug|Any CPU.Build.0 = Debug|Any CPU
		{764FC0C8-4462-4F07-B477-6AF4C306C82C}.Release|Any CPU.ActiveCfg = Release|Any CPU
		{764FC0C8-4462-4F07-B477-6AF4C306C82C}.Release|Any CPU.Build.0 = Release|Any CPU
	EndGlobalSection
	GlobalSection(SolutionProperties) = preSolution
		HideSolutionNode = FALSE
	EndGlobalSection
EndGlobal
