
Microsoft Visual Studio Solution File, Format Version 12.00
# Visual Studio 2013
VisualStudioVersion = 12.0.21005.1
MinimumVisualStudioVersion = 10.0.40219.1
Project("{FAE04EC0-301F-11D3-BF4B-00C04F79EFBC}") = "etl", "etl\etl.csproj", "{4DA4E101-18E0-43A0-86AB-5819C0C1549F}"
EndProject
Project("{2150E333-8FDC-42A3-9474-1A3956D46DE8}") = ".nuget", ".nuget", "{C9B394F9-781E-47CB-85A7-34BC0E278B3E}"
	ProjectSection(SolutionItems) = preProject
		.nuget\packages.config = .nuget\packages.config
	EndProjectSection
EndProject
Global
	GlobalSection(SolutionConfigurationPlatforms) = preSolution
		Debug|Any CPU = Debug|Any CPU
		Release|Any CPU = Release|Any CPU
	EndGlobalSection
	GlobalSection(ProjectConfigurationPlatforms) = postSolution
		{4DA4E101-18E0-43A0-86AB-5819C0C1549F}.Debug|Any CPU.ActiveCfg = Debug|Any CPU
		{4DA4E101-18E0-43A0-86AB-5819C0C1549F}.Debug|Any CPU.Build.0 = Debug|Any CPU
		{4DA4E101-18E0-43A0-86AB-5819C0C1549F}.Release|Any CPU.ActiveCfg = Release|Any CPU
		{4DA4E101-18E0-43A0-86AB-5819C0C1549F}.Release|Any CPU.Build.0 = Release|Any CPU
	EndGlobalSection
	GlobalSection(SolutionProperties) = preSolution
		HideSolutionNode = FALSE
	EndGlobalSection
EndGlobal
