
Microsoft Visual Studio Solution File, Format Version 12.00
# Visual Studio 2013
VisualStudioVersion = 12.0.31101.0
MinimumVisualStudioVersion = 10.0.40219.1
Project("{FAE04EC0-301F-11D3-BF4B-00C04F79EFBC}") = "SpaceAge", "SpaceAge\SpaceAge.csproj", "{B77D0A6B-7543-477A-9749-88394ABE9A7B}"
EndProject
Project("{2150E333-8FDC-42A3-9474-1A3956D46DE8}") = ".nuget", ".nuget", "{3C9B57D2-66A8-465E-A881-7FD64681B391}"
	ProjectSection(SolutionItems) = preProject
		.nuget\packages.config = .nuget\packages.config
	EndProjectSection
EndProject
Global
	GlobalSection(SolutionConfigurationPlatforms) = preSolution
		Debug|Any CPU = Debug|Any CPU
		Release|Any CPU = Release|Any CPU
	EndGlobalSection
	GlobalSection(ProjectConfigurationPlatforms) = postSolution
		{B77D0A6B-7543-477A-9749-88394ABE9A7B}.Debug|Any CPU.ActiveCfg = Debug|Any CPU
		{B77D0A6B-7543-477A-9749-88394ABE9A7B}.Debug|Any CPU.Build.0 = Debug|Any CPU
		{B77D0A6B-7543-477A-9749-88394ABE9A7B}.Release|Any CPU.ActiveCfg = Release|Any CPU
		{B77D0A6B-7543-477A-9749-88394ABE9A7B}.Release|Any CPU.Build.0 = Release|Any CPU
	EndGlobalSection
	GlobalSection(SolutionProperties) = preSolution
		HideSolutionNode = FALSE
	EndGlobalSection
EndGlobal
