
Microsoft Visual Studio Solution File, Format Version 12.00
# Visual Studio 2013
VisualStudioVersion = 12.0.31101.0
MinimumVisualStudioVersion = 10.0.40219.1
Project("{F2A71F9B-5D33-465A-A702-920D77279786}") = "Binary", "Binary\Binary.fsproj", "{CE17FAA8-8405-4BF3-B8E1-B93AF3540320}"
EndProject
Project("{2150E333-8FDC-42A3-9474-1A3956D46DE8}") = ".nuget", ".nuget", "{AB773E1F-0272-411B-A45E-6F8355359261}"
	ProjectSection(SolutionItems) = preProject
		.nuget\packages.config = .nuget\packages.config
	EndProjectSection
EndProject
Global
	GlobalSection(SolutionConfigurationPlatforms) = preSolution
		Debug|Any CPU = Debug|Any CPU
		Release|Any CPU = Release|Any CPU
	EndGlobalSection
	GlobalSection(ProjectConfigurationPlatforms) = postSolution
		{CE17FAA8-8405-4BF3-B8E1-B93AF3540320}.Debug|Any CPU.ActiveCfg = Debug|Any CPU
		{CE17FAA8-8405-4BF3-B8E1-B93AF3540320}.Debug|Any CPU.Build.0 = Debug|Any CPU
		{CE17FAA8-8405-4BF3-B8E1-B93AF3540320}.Release|Any CPU.ActiveCfg = Release|Any CPU
		{CE17FAA8-8405-4BF3-B8E1-B93AF3540320}.Release|Any CPU.Build.0 = Release|Any CPU
	EndGlobalSection
	GlobalSection(SolutionProperties) = preSolution
		HideSolutionNode = FALSE
	EndGlobalSection
EndGlobal
