
Microsoft Visual Studio Solution File, Format Version 12.00
# Visual Studio 2013
VisualStudioVersion = 12.0.21005.1
MinimumVisualStudioVersion = 10.0.40219.1
Project("{F2A71F9B-5D33-465A-A702-920D77279786}") = "DifferenceOfSquaresSolution", "DifferenceOfSquaresSolution.fsproj", "{106080C0-AF5D-44F8-B583-9F656EE4B1B1}"
EndProject
Project("{2150E333-8FDC-42A3-9474-1A3956D46DE8}") = ".nuget", ".nuget", "{956B2273-49F2-4016-877F-0CBB1039D0DF}"
	ProjectSection(SolutionItems) = preProject
		.nuget\packages.config = .nuget\packages.config
	EndProjectSection
EndProject
Global
	GlobalSection(SolutionConfigurationPlatforms) = preSolution
		Debug|Any CPU = Debug|Any CPU
		Release|Any CPU = Release|Any CPU
	EndGlobalSection
	GlobalSection(ProjectConfigurationPlatforms) = postSolution
		{106080C0-AF5D-44F8-B583-9F656EE4B1B1}.Debug|Any CPU.ActiveCfg = Debug|Any CPU
		{106080C0-AF5D-44F8-B583-9F656EE4B1B1}.Debug|Any CPU.Build.0 = Debug|Any CPU
		{106080C0-AF5D-44F8-B583-9F656EE4B1B1}.Release|Any CPU.ActiveCfg = Release|Any CPU
		{106080C0-AF5D-44F8-B583-9F656EE4B1B1}.Release|Any CPU.Build.0 = Release|Any CPU
	EndGlobalSection
	GlobalSection(SolutionProperties) = preSolution
		HideSolutionNode = FALSE
	EndGlobalSection
EndGlobal
