
Microsoft Visual Studio Solution File, Format Version 12.00
# Visual Studio 2013
VisualStudioVersion = 12.0.21005.1
MinimumVisualStudioVersion = 10.0.40219.1
Project("{FAE04EC0-301F-11D3-BF4B-00C04F79EFBC}") = "leap", "leap\leap.csproj", "{D476E8FD-E337-4BED-B344-F8372765996E}"
EndProject
Project("{2150E333-8FDC-42A3-9474-1A3956D46DE8}") = ".nuget", ".nuget", "{246E707B-A90C-4EB2-823F-18E4DC692715}"
	ProjectSection(SolutionItems) = preProject
		.nuget\packages.config = .nuget\packages.config
	EndProjectSection
EndProject
Global
	GlobalSection(SolutionConfigurationPlatforms) = preSolution
		Debug|Any CPU = Debug|Any CPU
		Release|Any CPU = Release|Any CPU
	EndGlobalSection
	GlobalSection(ProjectConfigurationPlatforms) = postSolution
		{D476E8FD-E337-4BED-B344-F8372765996E}.Debug|Any CPU.ActiveCfg = Debug|Any CPU
		{D476E8FD-E337-4BED-B344-F8372765996E}.Debug|Any CPU.Build.0 = Debug|Any CPU
		{D476E8FD-E337-4BED-B344-F8372765996E}.Release|Any CPU.ActiveCfg = Release|Any CPU
		{D476E8FD-E337-4BED-B344-F8372765996E}.Release|Any CPU.Build.0 = Release|Any CPU
	EndGlobalSection
	GlobalSection(SolutionProperties) = preSolution
		HideSolutionNode = FALSE
	EndGlobalSection
EndGlobal
