
Microsoft Visual Studio Solution File, Format Version 12.00
# Visual Studio 2013
VisualStudioVersion = 12.0.31101.0
MinimumVisualStudioVersion = 10.0.40219.1
Project("{F2A71F9B-5D33-465A-A702-920D77279786}") = "roman-numerals", "roman-numerals\roman-numerals.fsproj", "{D12F3E02-F808-460D-87C2-71829B6ECCBB}"
EndProject
Project("{2150E333-8FDC-42A3-9474-1A3956D46DE8}") = ".nuget", ".nuget", "{8C63005A-FDD8-42AD-A6EB-138C8CC2DDA0}"
	ProjectSection(SolutionItems) = preProject
		.nuget\packages.config = .nuget\packages.config
	EndProjectSection
EndProject
Global
	GlobalSection(SolutionConfigurationPlatforms) = preSolution
		Debug|Any CPU = Debug|Any CPU
		Release|Any CPU = Release|Any CPU
	EndGlobalSection
	GlobalSection(ProjectConfigurationPlatforms) = postSolution
		{D12F3E02-F808-460D-87C2-71829B6ECCBB}.Debug|Any CPU.ActiveCfg = Debug|Any CPU
		{D12F3E02-F808-460D-87C2-71829B6ECCBB}.Debug|Any CPU.Build.0 = Debug|Any CPU
		{D12F3E02-F808-460D-87C2-71829B6ECCBB}.Release|Any CPU.ActiveCfg = Release|Any CPU
		{D12F3E02-F808-460D-87C2-71829B6ECCBB}.Release|Any CPU.Build.0 = Release|Any CPU
	EndGlobalSection
	GlobalSection(SolutionProperties) = preSolution
		HideSolutionNode = FALSE
	EndGlobalSection
EndGlobal
